
Microsoft Visual Studio Solution File, Format Version 12.00
# Visual Studio Version 16
VisualStudioVersion = 16.0.30204.135
MinimumVisualStudioVersion = 10.0.40219.1
Project("{FAE04EC0-301F-11D3-BF4B-00C04F79EFBC}") = "ExtendedButton", "ExtendedButton\ExtendedButton.csproj", "{A69F947C-2DEE-4003-83A3-D065BA1461B8}"
EndProject
Project("{FAE04EC0-301F-11D3-BF4B-00C04F79EFBC}") = "SampleView", "SampleView\SampleView.csproj", "{53E27404-405B-4C3E-95D5-75C97FF38057}"
EndProject
Project("{FAE04EC0-301F-11D3-BF4B-00C04F79EFBC}") = "BaseVM", "BaseVM\BaseVM.csproj", "{1855D4A2-A75A-4914-81C1-8F92B1179BB7}"
EndProject
Global
	GlobalSection(SolutionConfigurationPlatforms) = preSolution
		Debug|Any CPU = Debug|Any CPU
		Release|Any CPU = Release|Any CPU
	EndGlobalSection
	GlobalSection(ProjectConfigurationPlatforms) = postSolution
		{A69F947C-2DEE-4003-83A3-D065BA1461B8}.Debug|Any CPU.ActiveCfg = Debug|Any CPU
		{A69F947C-2DEE-4003-83A3-D065BA1461B8}.Debug|Any CPU.Build.0 = Debug|Any CPU
		{A69F947C-2DEE-4003-83A3-D065BA1461B8}.Release|Any CPU.ActiveCfg = Release|Any CPU
		{A69F947C-2DEE-4003-83A3-D065BA1461B8}.Release|Any CPU.Build.0 = Release|Any CPU
		{53E27404-405B-4C3E-95D5-75C97FF38057}.Debug|Any CPU.ActiveCfg = Debug|Any CPU
		{53E27404-405B-4C3E-95D5-75C97FF38057}.Debug|Any CPU.Build.0 = Debug|Any CPU
		{53E27404-405B-4C3E-95D5-75C97FF38057}.Release|Any CPU.ActiveCfg = Release|Any CPU
		{53E27404-405B-4C3E-95D5-75C97FF38057}.Release|Any CPU.Build.0 = Release|Any CPU
		{1855D4A2-A75A-4914-81C1-8F92B1179BB7}.Debug|Any CPU.ActiveCfg = Debug|Any CPU
		{1855D4A2-A75A-4914-81C1-8F92B1179BB7}.Debug|Any CPU.Build.0 = Debug|Any CPU
		{1855D4A2-A75A-4914-81C1-8F92B1179BB7}.Release|Any CPU.ActiveCfg = Release|Any CPU
		{1855D4A2-A75A-4914-81C1-8F92B1179BB7}.Release|Any CPU.Build.0 = Release|Any CPU
	EndGlobalSection
	GlobalSection(SolutionProperties) = preSolution
		HideSolutionNode = FALSE
	EndGlobalSection
	GlobalSection(ExtensibilityGlobals) = postSolution
		SolutionGuid = {713E8C35-6489-4394-939F-1B058B49418C}
	EndGlobalSection
EndGlobal
